{
  "name": "wind.js",
  "version": "0.0.1",
  "lockfileVersion": 1,
  "requires": true,
  "dependencies": {
    "@types/estree": {
      "version": "0.0.38",
      "resolved": "https://registry.npmjs.org/@types/estree/-/estree-0.0.38.tgz",
      "integrity": "sha512-F/v7t1LwS4vnXuPooJQGBRKRGIoxWUTmA4VHfqjOccFsNDThD5bfUNpITive6s352O7o384wcpEaDV8rHCehDA=="
    },
    "@types/node": {
      "version": "9.6.5",
      "resolved": "https://registry.npmjs.org/@types/node/-/node-9.6.5.tgz",
      "integrity": "sha512-NOLEgsT6UiDTjnWG5Hd2Mg25LRyz/oe8ql3wbjzgSFeRzRROhPmtlsvIrei4B46UjERF0td9SZ1ZXPLOdcrBHg=="
    },
    "rollup": {
      "version": "0.58.1",
      "resolved": "https://registry.npmjs.org/rollup/-/rollup-0.58.1.tgz",
      "integrity": "sha512-m423aUHITpMlcqz0grLddNGxMpBC2yYmgKwSlKNXxEi8PfNKTknh69JDo1bB1T9ezJQeqAoyFo2+U3qMQ4/I6g==",
      "requires": {
        "@types/estree": "0.0.38",
        "@types/node": "9.6.5"
      }
    }
  }
}
